
Microsoft Visual Studio Solution File, Format Version 12.00
# Visual Studio Version 16
VisualStudioVersion = 16.0.30413.136
MinimumVisualStudioVersion = 10.0.40219.1
Project("{FAE04EC0-301F-11D3-BF4B-00C04F79EFBC}") = "Numero-Letra", "Numero-Letra\Numero-Letra.csproj", "{BB3FDA3D-9835-4E2D-A1AF-01C82491E45B}"
EndProject
Project("{FAE04EC0-301F-11D3-BF4B-00C04F79EFBC}") = "UnitTestConversor", "UnitTestConversor\UnitTestConversor.csproj", "{F75D5629-578A-4DFB-B6C7-7AFED98E222D}"
EndProject
Global
	GlobalSection(SolutionConfigurationPlatforms) = preSolution
		Debug|Any CPU = Debug|Any CPU
		Release|Any CPU = Release|Any CPU
	EndGlobalSection
	GlobalSection(ProjectConfigurationPlatforms) = postSolution
		{BB3FDA3D-9835-4E2D-A1AF-01C82491E45B}.Debug|Any CPU.ActiveCfg = Debug|Any CPU
		{BB3FDA3D-9835-4E2D-A1AF-01C82491E45B}.Debug|Any CPU.Build.0 = Debug|Any CPU
		{BB3FDA3D-9835-4E2D-A1AF-01C82491E45B}.Release|Any CPU.ActiveCfg = Release|Any CPU
		{BB3FDA3D-9835-4E2D-A1AF-01C82491E45B}.Release|Any CPU.Build.0 = Release|Any CPU
		{F75D5629-578A-4DFB-B6C7-7AFED98E222D}.Debug|Any CPU.ActiveCfg = Debug|Any CPU
		{F75D5629-578A-4DFB-B6C7-7AFED98E222D}.Debug|Any CPU.Build.0 = Debug|Any CPU
		{F75D5629-578A-4DFB-B6C7-7AFED98E222D}.Release|Any CPU.ActiveCfg = Release|Any CPU
		{F75D5629-578A-4DFB-B6C7-7AFED98E222D}.Release|Any CPU.Build.0 = Release|Any CPU
	EndGlobalSection
	GlobalSection(SolutionProperties) = preSolution
		HideSolutionNode = FALSE
	EndGlobalSection
	GlobalSection(ExtensibilityGlobals) = postSolution
		SolutionGuid = {7C103DAC-194A-4C42-BFBC-6F8F192C3B11}
	EndGlobalSection
EndGlobal
